
Microsoft Visual Studio Solution File, Format Version 12.00
# Visual Studio Version 16
VisualStudioVersion = 16.0.32630.194
MinimumVisualStudioVersion = 10.0.40219.1
Project("{FAE04EC0-301F-11D3-BF4B-00C04F79EFBC}") = "DDOS MOB.Android", "DDOS MOB.Android\DDOS MOB.Android.csproj", "{25B8BFEF-DB09-4521-8F53-E19D0FDB79F5}"
EndProject
Project("{FAE04EC0-301F-11D3-BF4B-00C04F79EFBC}") = "DDOS MOB.iOS", "DDOS MOB.iOS\DDOS MOB.iOS.csproj", "{9C317194-FFCD-4E4B-903D-91B68105AF16}"
EndProject
Project("{9A19103F-16F7-4668-BE54-9A1E7A4F7556}") = "DDOS MOB", "DDOS MOB\DDOS MOB.csproj", "{6513DB4F-23CC-4C18-AE4F-CCEEB3BDA737}"
EndProject
Global
	GlobalSection(SolutionConfigurationPlatforms) = preSolution
		Debug|Any CPU = Debug|Any CPU
		Debug|iPhone = Debug|iPhone
		Debug|iPhoneSimulator = Debug|iPhoneSimulator
		Release|Any CPU = Release|Any CPU
		Release|iPhone = Release|iPhone
		Release|iPhoneSimulator = Release|iPhoneSimulator
	EndGlobalSection
	GlobalSection(ProjectConfigurationPlatforms) = postSolution
		{25B8BFEF-DB09-4521-8F53-E19D0FDB79F5}.Debug|Any CPU.ActiveCfg = Debug|Any CPU
		{25B8BFEF-DB09-4521-8F53-E19D0FDB79F5}.Debug|Any CPU.Build.0 = Debug|Any CPU
		{25B8BFEF-DB09-4521-8F53-E19D0FDB79F5}.Debug|Any CPU.Deploy.0 = Debug|Any CPU
		{25B8BFEF-DB09-4521-8F53-E19D0FDB79F5}.Debug|iPhone.ActiveCfg = Debug|Any CPU
		{25B8BFEF-DB09-4521-8F53-E19D0FDB79F5}.Debug|iPhone.Build.0 = Debug|Any CPU
		{25B8BFEF-DB09-4521-8F53-E19D0FDB79F5}.Debug|iPhone.Deploy.0 = Debug|Any CPU
		{25B8BFEF-DB09-4521-8F53-E19D0FDB79F5}.Debug|iPhoneSimulator.ActiveCfg = Debug|Any CPU
		{25B8BFEF-DB09-4521-8F53-E19D0FDB79F5}.Debug|iPhoneSimulator.Build.0 = Debug|Any CPU
		{25B8BFEF-DB09-4521-8F53-E19D0FDB79F5}.Debug|iPhoneSimulator.Deploy.0 = Debug|Any CPU
		{25B8BFEF-DB09-4521-8F53-E19D0FDB79F5}.Release|Any CPU.ActiveCfg = Release|Any CPU
		{25B8BFEF-DB09-4521-8F53-E19D0FDB79F5}.Release|Any CPU.Build.0 = Release|Any CPU
		{25B8BFEF-DB09-4521-8F53-E19D0FDB79F5}.Release|Any CPU.Deploy.0 = Release|Any CPU
		{25B8BFEF-DB09-4521-8F53-E19D0FDB79F5}.Release|iPhone.ActiveCfg = Release|Any CPU
		{25B8BFEF-DB09-4521-8F53-E19D0FDB79F5}.Release|iPhone.Build.0 = Release|Any CPU
		{25B8BFEF-DB09-4521-8F53-E19D0FDB79F5}.Release|iPhone.Deploy.0 = Release|Any CPU
		{25B8BFEF-DB09-4521-8F53-E19D0FDB79F5}.Release|iPhoneSimulator.ActiveCfg = Release|Any CPU
		{25B8BFEF-DB09-4521-8F53-E19D0FDB79F5}.Release|iPhoneSimulator.Build.0 = Release|Any CPU
		{25B8BFEF-DB09-4521-8F53-E19D0FDB79F5}.Release|iPhoneSimulator.Deploy.0 = Release|Any CPU
		{9C317194-FFCD-4E4B-903D-91B68105AF16}.Debug|Any CPU.ActiveCfg = Debug|iPhone
		{9C317194-FFCD-4E4B-903D-91B68105AF16}.Debug|Any CPU.Build.0 = Debug|iPhone
		{9C317194-FFCD-4E4B-903D-91B68105AF16}.Debug|Any CPU.Deploy.0 = Debug|iPhone
		{9C317194-FFCD-4E4B-903D-91B68105AF16}.Debug|iPhone.ActiveCfg = Debug|iPhone
		{9C317194-FFCD-4E4B-903D-91B68105AF16}.Debug|iPhone.Build.0 = Debug|iPhone
		{9C317194-FFCD-4E4B-903D-91B68105AF16}.Debug|iPhone.Deploy.0 = Debug|iPhone
		{9C317194-FFCD-4E4B-903D-91B68105AF16}.Debug|iPhoneSimulator.ActiveCfg = Debug|iPhoneSimulator
		{9C317194-FFCD-4E4B-903D-91B68105AF16}.Debug|iPhoneSimulator.Build.0 = Debug|iPhoneSimulator
		{9C317194-FFCD-4E4B-903D-91B68105AF16}.Debug|iPhoneSimulator.Deploy.0 = Debug|iPhoneSimulator
		{9C317194-FFCD-4E4B-903D-91B68105AF16}.Release|Any CPU.ActiveCfg = Release|iPhoneSimulator
		{9C317194-FFCD-4E4B-903D-91B68105AF16}.Release|Any CPU.Build.0 = Release|iPhoneSimulator
		{9C317194-FFCD-4E4B-903D-91B68105AF16}.Release|Any CPU.Deploy.0 = Release|iPhoneSimulator
		{9C317194-FFCD-4E4B-903D-91B68105AF16}.Release|iPhone.ActiveCfg = Release|iPhone
		{9C317194-FFCD-4E4B-903D-91B68105AF16}.Release|iPhone.Build.0 = Release|iPhone
		{9C317194-FFCD-4E4B-903D-91B68105AF16}.Release|iPhone.Deploy.0 = Release|iPhone
		{9C317194-FFCD-4E4B-903D-91B68105AF16}.Release|iPhoneSimulator.ActiveCfg = Release|iPhoneSimulator
		{9C317194-FFCD-4E4B-903D-91B68105AF16}.Release|iPhoneSimulator.Build.0 = Release|iPhoneSimulator
		{9C317194-FFCD-4E4B-903D-91B68105AF16}.Release|iPhoneSimulator.Deploy.0 = Release|iPhoneSimulator
		{6513DB4F-23CC-4C18-AE4F-CCEEB3BDA737}.Debug|Any CPU.ActiveCfg = Debug|Any CPU
		{6513DB4F-23CC-4C18-AE4F-CCEEB3BDA737}.Debug|Any CPU.Build.0 = Debug|Any CPU
		{6513DB4F-23CC-4C18-AE4F-CCEEB3BDA737}.Debug|Any CPU.Deploy.0 = Debug|Any CPU
		{6513DB4F-23CC-4C18-AE4F-CCEEB3BDA737}.Debug|iPhone.ActiveCfg = Debug|Any CPU
		{6513DB4F-23CC-4C18-AE4F-CCEEB3BDA737}.Debug|iPhone.Build.0 = Debug|Any CPU
		{6513DB4F-23CC-4C18-AE4F-CCEEB3BDA737}.Debug|iPhone.Deploy.0 = Debug|Any CPU
		{6513DB4F-23CC-4C18-AE4F-CCEEB3BDA737}.Debug|iPhoneSimulator.ActiveCfg = Debug|Any CPU
		{6513DB4F-23CC-4C18-AE4F-CCEEB3BDA737}.Debug|iPhoneSimulator.Build.0 = Debug|Any CPU
		{6513DB4F-23CC-4C18-AE4F-CCEEB3BDA737}.Debug|iPhoneSimulator.Deploy.0 = Debug|Any CPU
		{6513DB4F-23CC-4C18-AE4F-CCEEB3BDA737}.Release|Any CPU.ActiveCfg = Release|Any CPU
		{6513DB4F-23CC-4C18-AE4F-CCEEB3BDA737}.Release|Any CPU.Build.0 = Release|Any CPU
		{6513DB4F-23CC-4C18-AE4F-CCEEB3BDA737}.Release|Any CPU.Deploy.0 = Release|Any CPU
		{6513DB4F-23CC-4C18-AE4F-CCEEB3BDA737}.Release|iPhone.ActiveCfg = Release|Any CPU
		{6513DB4F-23CC-4C18-AE4F-CCEEB3BDA737}.Release|iPhone.Build.0 = Release|Any CPU
		{6513DB4F-23CC-4C18-AE4F-CCEEB3BDA737}.Release|iPhone.Deploy.0 = Release|Any CPU
		{6513DB4F-23CC-4C18-AE4F-CCEEB3BDA737}.Release|iPhoneSimulator.ActiveCfg = Release|Any CPU
		{6513DB4F-23CC-4C18-AE4F-CCEEB3BDA737}.Release|iPhoneSimulator.Build.0 = Release|Any CPU
		{6513DB4F-23CC-4C18-AE4F-CCEEB3BDA737}.Release|iPhoneSimulator.Deploy.0 = Release|Any CPU
	EndGlobalSection
	GlobalSection(SolutionProperties) = preSolution
		HideSolutionNode = FALSE
	EndGlobalSection
	GlobalSection(ExtensibilityGlobals) = postSolution
		SolutionGuid = {D9258F23-9EBB-4AAF-935E-45969693D615}
	EndGlobalSection
EndGlobal
